
Microsoft Visual Studio Solution File, Format Version 12.00
# Visual Studio 14
VisualStudioVersion = 14.0.25123.0
MinimumVisualStudioVersion = 10.0.40219.1
Project("{FAE04EC0-301F-11D3-BF4B-00C04F79EFBC}") = "BatchProcessDriver", "BatchProcessDriver\BatchProcessDriver.csproj", "{60E0491E-C8C7-4061-937C-D4B2D1327872}"
EndProject
Project("{FAE04EC0-301F-11D3-BF4B-00C04F79EFBC}") = "BatchProcessLibrary", "BatchProcessLibrary\BatchProcessLibrary.csproj", "{F193C2F4-8185-46FE-A6FF-A6E4CE3255FB}"
EndProject
Project("{FAE04EC0-301F-11D3-BF4B-00C04F79EFBC}") = "ProcessExample", "ProcessExample\ProcessExample.csproj", "{46E5C36A-F571-4D0E-B1A3-B1EAFFE75E65}"
EndProject
Project("{FAE04EC0-301F-11D3-BF4B-00C04F79EFBC}") = "ProcessExample2", "ProcessExample2\ProcessExample2.csproj", "{F812413B-5851-4539-BB91-98AB27005F52}"
EndProject
Global
	GlobalSection(SolutionConfigurationPlatforms) = preSolution
		Debug|Any CPU = Debug|Any CPU
		Release|Any CPU = Release|Any CPU
	EndGlobalSection
	GlobalSection(ProjectConfigurationPlatforms) = postSolution
		{60E0491E-C8C7-4061-937C-D4B2D1327872}.Debug|Any CPU.ActiveCfg = Debug|Any CPU
		{60E0491E-C8C7-4061-937C-D4B2D1327872}.Debug|Any CPU.Build.0 = Debug|Any CPU
		{60E0491E-C8C7-4061-937C-D4B2D1327872}.Release|Any CPU.ActiveCfg = Release|Any CPU
		{60E0491E-C8C7-4061-937C-D4B2D1327872}.Release|Any CPU.Build.0 = Release|Any CPU
		{F193C2F4-8185-46FE-A6FF-A6E4CE3255FB}.Debug|Any CPU.ActiveCfg = Debug|Any CPU
		{F193C2F4-8185-46FE-A6FF-A6E4CE3255FB}.Debug|Any CPU.Build.0 = Debug|Any CPU
		{F193C2F4-8185-46FE-A6FF-A6E4CE3255FB}.Release|Any CPU.ActiveCfg = Release|Any CPU
		{F193C2F4-8185-46FE-A6FF-A6E4CE3255FB}.Release|Any CPU.Build.0 = Release|Any CPU
		{46E5C36A-F571-4D0E-B1A3-B1EAFFE75E65}.Debug|Any CPU.ActiveCfg = Debug|Any CPU
		{46E5C36A-F571-4D0E-B1A3-B1EAFFE75E65}.Debug|Any CPU.Build.0 = Debug|Any CPU
		{46E5C36A-F571-4D0E-B1A3-B1EAFFE75E65}.Release|Any CPU.ActiveCfg = Release|Any CPU
		{46E5C36A-F571-4D0E-B1A3-B1EAFFE75E65}.Release|Any CPU.Build.0 = Release|Any CPU
		{F812413B-5851-4539-BB91-98AB27005F52}.Debug|Any CPU.ActiveCfg = Debug|Any CPU
		{F812413B-5851-4539-BB91-98AB27005F52}.Debug|Any CPU.Build.0 = Debug|Any CPU
		{F812413B-5851-4539-BB91-98AB27005F52}.Release|Any CPU.ActiveCfg = Release|Any CPU
		{F812413B-5851-4539-BB91-98AB27005F52}.Release|Any CPU.Build.0 = Release|Any CPU
	EndGlobalSection
	GlobalSection(SolutionProperties) = preSolution
		HideSolutionNode = FALSE
	EndGlobalSection
EndGlobal
